
Microsoft Visual Studio Solution File, Format Version 12.00
# Visual Studio Version 17
VisualStudioVersion = 17.1.32328.378
MinimumVisualStudioVersion = 10.0.40219.1
Project("{9A19103F-16F7-4668-BE54-9A1E7A4F7556}") = "SocialMedia.Infrastructure", "SocialMedia.Infrastructure\SocialMedia.Infrastructure.csproj", "{503E883B-305A-4A8A-AFA8-AE9A0C60B405}"
EndProject
Project("{9A19103F-16F7-4668-BE54-9A1E7A4F7556}") = "SocialMedia.Domain", "SocialMedia.Domain\SocialMedia.Domain.csproj", "{7B19DAA4-9036-42D0-9E93-563FF58E143F}"
EndProject
Project("{9A19103F-16F7-4668-BE54-9A1E7A4F7556}") = "SocialMedia.API", "SocialMedia.API\SocialMedia.API.csproj", "{466132C4-A8C4-453A-AC7A-B7980ECB51D2}"
EndProject
Project("{FAE04EC0-301F-11D3-BF4B-00C04F79EFBC}") = "SocialMedia.Common", "SocialMedia.Common\SocialMedia.Common.csproj", "{BC9CF90E-EEF3-4B84-967C-E6814E16BDE5}"
EndProject
Global
	GlobalSection(SolutionConfigurationPlatforms) = preSolution
		Debug|Any CPU = Debug|Any CPU
		Release|Any CPU = Release|Any CPU
	EndGlobalSection
	GlobalSection(ProjectConfigurationPlatforms) = postSolution
		{503E883B-305A-4A8A-AFA8-AE9A0C60B405}.Debug|Any CPU.ActiveCfg = Debug|Any CPU
		{503E883B-305A-4A8A-AFA8-AE9A0C60B405}.Debug|Any CPU.Build.0 = Debug|Any CPU
		{503E883B-305A-4A8A-AFA8-AE9A0C60B405}.Release|Any CPU.ActiveCfg = Release|Any CPU
		{503E883B-305A-4A8A-AFA8-AE9A0C60B405}.Release|Any CPU.Build.0 = Release|Any CPU
		{7B19DAA4-9036-42D0-9E93-563FF58E143F}.Debug|Any CPU.ActiveCfg = Debug|Any CPU
		{7B19DAA4-9036-42D0-9E93-563FF58E143F}.Debug|Any CPU.Build.0 = Debug|Any CPU
		{7B19DAA4-9036-42D0-9E93-563FF58E143F}.Release|Any CPU.ActiveCfg = Release|Any CPU
		{7B19DAA4-9036-42D0-9E93-563FF58E143F}.Release|Any CPU.Build.0 = Release|Any CPU
		{466132C4-A8C4-453A-AC7A-B7980ECB51D2}.Debug|Any CPU.ActiveCfg = Debug|Any CPU
		{466132C4-A8C4-453A-AC7A-B7980ECB51D2}.Debug|Any CPU.Build.0 = Debug|Any CPU
		{466132C4-A8C4-453A-AC7A-B7980ECB51D2}.Release|Any CPU.ActiveCfg = Release|Any CPU
		{466132C4-A8C4-453A-AC7A-B7980ECB51D2}.Release|Any CPU.Build.0 = Release|Any CPU
		{BC9CF90E-EEF3-4B84-967C-E6814E16BDE5}.Debug|Any CPU.ActiveCfg = Debug|Any CPU
		{BC9CF90E-EEF3-4B84-967C-E6814E16BDE5}.Debug|Any CPU.Build.0 = Debug|Any CPU
		{BC9CF90E-EEF3-4B84-967C-E6814E16BDE5}.Release|Any CPU.ActiveCfg = Release|Any CPU
		{BC9CF90E-EEF3-4B84-967C-E6814E16BDE5}.Release|Any CPU.Build.0 = Release|Any CPU
	EndGlobalSection
	GlobalSection(SolutionProperties) = preSolution
		HideSolutionNode = FALSE
	EndGlobalSection
	GlobalSection(ExtensibilityGlobals) = postSolution
		SolutionGuid = {430F641E-08AC-44B7-BEEF-5EC20AD8010C}
	EndGlobalSection
EndGlobal
